
Microsoft Visual Studio Solution File, Format Version 12.00
# Visual Studio Version 16
VisualStudioVersion = 16.0.31729.503
MinimumVisualStudioVersion = 10.0.40219.1
Project("{8BC9CEB8-8B4A-11D0-8D11-00A0C91BC942}") = "дз1", "дз1\дз1.vcxproj", "{2303B1D5-8578-4EC0-9BF2-3EE5EDF2CDCE}"
EndProject
Global
	GlobalSection(SolutionConfigurationPlatforms) = preSolution
		Debug|x64 = Debug|x64
		Debug|x86 = Debug|x86
		Release|x64 = Release|x64
		Release|x86 = Release|x86
	EndGlobalSection
	GlobalSection(ProjectConfigurationPlatforms) = postSolution
		{2303B1D5-8578-4EC0-9BF2-3EE5EDF2CDCE}.Debug|x64.ActiveCfg = Debug|x64
		{2303B1D5-8578-4EC0-9BF2-3EE5EDF2CDCE}.Debug|x64.Build.0 = Debug|x64
		{2303B1D5-8578-4EC0-9BF2-3EE5EDF2CDCE}.Debug|x86.ActiveCfg = Debug|Win32
		{2303B1D5-8578-4EC0-9BF2-3EE5EDF2CDCE}.Debug|x86.Build.0 = Debug|Win32
		{2303B1D5-8578-4EC0-9BF2-3EE5EDF2CDCE}.Release|x64.ActiveCfg = Release|x64
		{2303B1D5-8578-4EC0-9BF2-3EE5EDF2CDCE}.Release|x64.Build.0 = Release|x64
		{2303B1D5-8578-4EC0-9BF2-3EE5EDF2CDCE}.Release|x86.ActiveCfg = Release|Win32
		{2303B1D5-8578-4EC0-9BF2-3EE5EDF2CDCE}.Release|x86.Build.0 = Release|Win32
	EndGlobalSection
	GlobalSection(SolutionProperties) = preSolution
		HideSolutionNode = FALSE
	EndGlobalSection
	GlobalSection(ExtensibilityGlobals) = postSolution
		SolutionGuid = {BCDA2AB6-8FC5-441D-A171-E685BFD6FB80}
	EndGlobalSection
EndGlobal
