
Microsoft Visual Studio Solution File, Format Version 12.00
# Visual Studio Version 16
VisualStudioVersion = 16.0.32126.315
MinimumVisualStudioVersion = 10.0.40219.1
Project("{8BC9CEB8-8B4A-11D0-8D11-00A0C91BC942}") = "Project1", "Project1\Project1.vcxproj", "{CBEFF140-759A-4DBE-BA56-811DB2ECCB0A}"
EndProject
Global
	GlobalSection(SolutionConfigurationPlatforms) = preSolution
		Debug|x64 = Debug|x64
		Debug|x86 = Debug|x86
		Release|x64 = Release|x64
		Release|x86 = Release|x86
	EndGlobalSection
	GlobalSection(ProjectConfigurationPlatforms) = postSolution
		{CBEFF140-759A-4DBE-BA56-811DB2ECCB0A}.Debug|x64.ActiveCfg = Debug|x64
		{CBEFF140-759A-4DBE-BA56-811DB2ECCB0A}.Debug|x64.Build.0 = Debug|x64
		{CBEFF140-759A-4DBE-BA56-811DB2ECCB0A}.Debug|x86.ActiveCfg = Debug|Win32
		{CBEFF140-759A-4DBE-BA56-811DB2ECCB0A}.Debug|x86.Build.0 = Debug|Win32
		{CBEFF140-759A-4DBE-BA56-811DB2ECCB0A}.Release|x64.ActiveCfg = Release|x64
		{CBEFF140-759A-4DBE-BA56-811DB2ECCB0A}.Release|x64.Build.0 = Release|x64
		{CBEFF140-759A-4DBE-BA56-811DB2ECCB0A}.Release|x86.ActiveCfg = Release|Win32
		{CBEFF140-759A-4DBE-BA56-811DB2ECCB0A}.Release|x86.Build.0 = Release|Win32
	EndGlobalSection
	GlobalSection(SolutionProperties) = preSolution
		HideSolutionNode = FALSE
	EndGlobalSection
	GlobalSection(ExtensibilityGlobals) = postSolution
		SolutionGuid = {949A20F7-CEE4-4B59-882F-7181A911FE40}
	EndGlobalSection
EndGlobal
